// !$*UTF8*$!
{
	archiveVersion = 1;
	classes = {
	};
	objectVersion = 55;
	objects = {

/* Begin PBXBuildFile section */
		B5BAA37E27FDC0B90067A640 /* SwiftUI_MVVM_CombineApp.swift in Sources */ = {isa = PBXBuildFile; fileRef = B5BAA37D27FDC0B90067A640 /* SwiftUI_MVVM_CombineApp.swift */; };
		B5BAA38027FDC0B90067A640 /* ContentView.swift in Sources */ = {isa = PBXBuildFile; fileRef = B5BAA37F27FDC0B90067A640 /* ContentView.swift */; };
		B5BAA38227FDC0BB0067A640 /* Assets.xcassets in Resources */ = {isa = PBXBuildFile; fileRef = B5BAA38127FDC0BB0067A640 /* Assets.xcassets */; };
		B5BAA38527FDC0BB0067A640 /* Preview Assets.xcassets in Resources */ = {isa = PBXBuildFile; fileRef = B5BAA38427FDC0BB0067A640 /* Preview Assets.xcassets */; };
		B5CD389727FF709200980E2D /* BreweriesViewModel.swift in Sources */ = {isa = PBXBuildFile; fileRef = B5CD389627FF709200980E2D /* BreweriesViewModel.swift */; };
		B5CD389927FF70B600980E2D /* BreweryView.swift in Sources */ = {isa = PBXBuildFile; fileRef = B5CD389827FF70B600980E2D /* BreweryView.swift */; };
		B5CD389B27FF70DF00980E2D /* BreweriesView.swift in Sources */ = {isa = PBXBuildFile; fileRef = B5CD389A27FF70DF00980E2D /* BreweriesView.swift */; };
		B5CD389D27FF711000980E2D /* Brewery.swift in Sources */ = {isa = PBXBuildFile; fileRef = B5CD389C27FF711000980E2D /* Brewery.swift */; };
/* End PBXBuildFile section */

/* Begin PBXFileReference section */
		B5BAA37A27FDC0B90067A640 /* SwiftUI_MVVM_Combine.app */ = {isa = PBXFileReference; explicitFileType = wrapper.application; includeInIndex = 0; path = SwiftUI_MVVM_Combine.app; sourceTree = BUILT_PRODUCTS_DIR; };
		B5BAA37D27FDC0B90067A640 /* SwiftUI_MVVM_CombineApp.swift */ = {isa = PBXFileReference; lastKnownFileType = sourcecode.swift; path = SwiftUI_MVVM_CombineApp.swift; sourceTree = "<group>"; };
		B5BAA37F27FDC0B90067A640 /* ContentView.swift */ = {isa = PBXFileReference; lastKnownFileType = sourcecode.swift; path = ContentView.swift; sourceTree = "<group>"; };
		B5BAA38127FDC0BB0067A640 /* Assets.xcassets */ = {isa = PBXFileReference; lastKnownFileType = folder.assetcatalog; path = Assets.xcassets; sourceTree = "<group>"; };
		B5BAA38427FDC0BB0067A640 /* Preview Assets.xcassets */ = {isa = PBXFileReference; lastKnownFileType = folder.assetcatalog; path = "Preview Assets.xcassets"; sourceTree = "<group>"; };
		B5CD389627FF709200980E2D /* BreweriesViewModel.swift */ = {isa = PBXFileReference; lastKnownFileType = sourcecode.swift; path = BreweriesViewModel.swift; sourceTree = "<group>"; };
		B5CD389827FF70B600980E2D /* BreweryView.swift */ = {isa = PBXFileReference; lastKnownFileType = sourcecode.swift; path = BreweryView.swift; sourceTree = "<group>"; };
		B5CD389A27FF70DF00980E2D /* BreweriesView.swift */ = {isa = PBXFileReference; lastKnownFileType = sourcecode.swift; path = BreweriesView.swift; sourceTree = "<group>"; };
		B5CD389C27FF711000980E2D /* Brewery.swift */ = {isa = PBXFileReference; lastKnownFileType = sourcecode.swift; path = Brewery.swift; sourceTree = "<group>"; };
/* End PBXFileReference section */

/* Begin PBXFrameworksBuildPhase section */
		B5BAA37727FDC0B90067A640 /* Frameworks */ = {
			isa = PBXFrameworksBuildPhase;
			buildActionMask = 2147483647;
			files = (
			);
			runOnlyForDeploymentPostprocessing = 0;
		};
/* End PBXFrameworksBuildPhase section */

/* Begin PBXGroup section */
		B5BAA37127FDC0B90067A640 = {
			isa = PBXGroup;
			children = (
				B5BAA37C27FDC0B90067A640 /* SwiftUI_MVVM_Combine */,
				B5BAA37B27FDC0B90067A640 /* Products */,
			);
			sourceTree = "<group>";
		};
		B5BAA37B27FDC0B90067A640 /* Products */ = {
			isa = PBXGroup;
			children = (
				B5BAA37A27FDC0B90067A640 /* SwiftUI_MVVM_Combine.app */,
			);
			name = Products;
			sourceTree = "<group>";
		};
		B5BAA37C27FDC0B90067A640 /* SwiftUI_MVVM_Combine */ = {
			isa = PBXGroup;
			children = (
				B5CD389527FF707F00980E2D /* Model */,
				B5CD389427FF707700980E2D /* View */,
				B5CD389327FF706E00980E2D /* ViewModel */,
				B5BAA37D27FDC0B90067A640 /* SwiftUI_MVVM_CombineApp.swift */,
				B5BAA37F27FDC0B90067A640 /* ContentView.swift */,
				B5BAA38127FDC0BB0067A640 /* Assets.xcassets */,
				B5BAA38327FDC0BB0067A640 /* Preview Content */,
			);
			path = SwiftUI_MVVM_Combine;
			sourceTree = "<group>";
		};
		B5BAA38327FDC0BB0067A640 /* Preview Content */ = {
			isa = PBXGroup;
			children = (
				B5BAA38427FDC0BB0067A640 /* Preview Assets.xcassets */,
			);
			path = "Preview Content";
			sourceTree = "<group>";
		};
		B5CD389327FF706E00980E2D /* ViewModel */ = {
			isa = PBXGroup;
			children = (
				B5CD389627FF709200980E2D /* BreweriesViewModel.swift */,
			);
			path = ViewModel;
			sourceTree = "<group>";
		};
		B5CD389427FF707700980E2D /* View */ = {
			isa = PBXGroup;
			children = (
				B5CD389827FF70B600980E2D /* BreweryView.swift */,
				B5CD389A27FF70DF00980E2D /* BreweriesView.swift */,
			);
			path = View;
			sourceTree = "<group>";
		};
		B5CD389527FF707F00980E2D /* Model */ = {
			isa = PBXGroup;
			children = (
				B5CD389C27FF711000980E2D /* Brewery.swift */,
			);
			path = Model;
			sourceTree = "<group>";
		};
/* End PBXGroup section */

/* Begin PBXNativeTarget section */
		B5BAA37927FDC0B90067A640 /* SwiftUI_MVVM_Combine */ = {
			isa = PBXNativeTarget;
			buildConfigurationList = B5BAA38827FDC0BB0067A640 /* Build configuration list for PBXNativeTarget "SwiftUI_MVVM_Combine" */;
			buildPhases = (
				B5BAA37627FDC0B90067A640 /* Sources */,
				B5BAA37727FDC0B90067A640 /* Frameworks */,
				B5BAA37827FDC0B90067A640 /* Resources */,
			);
			buildRules = (
			);
			dependencies = (
			);
			name = SwiftUI_MVVM_Combine;
			productName = SwiftUI_MVVM_Combine;
			productReference = B5BAA37A27FDC0B90067A640 /* SwiftUI_MVVM_Combine.app */;
			productType = "com.apple.product-type.application";
		};
/* End PBXNativeTarget section */

/* Begin PBXProject section */
		B5BAA37227FDC0B90067A640 /* Project object */ = {
			isa = PBXProject;
			attributes = {
				BuildIndependentTargetsInParallel = 1;
				LastSwiftUpdateCheck = 1330;
				LastUpgradeCheck = 1330;
				TargetAttributes = {
					B5BAA37927FDC0B90067A640 = {
						CreatedOnToolsVersion = 13.3;
					};
				};
			};
			buildConfigurationList = B5BAA37527FDC0B90067A640 /* Build configuration list for PBXProject "SwiftUI_MVVM_Combine" */;
			compatibilityVersion = "Xcode 13.0";
			developmentRegion = en;
			hasScannedForEncodings = 0;
			knownRegions = (
				en,
				Base,
			);
			mainGroup = B5BAA37127FDC0B90067A640;
			productRefGroup = B5BAA37B27FDC0B90067A640 /* Products */;
			projectDirPath = "";
			projectRoot = "";
			targets = (
				B5BAA37927FDC0B90067A640 /* SwiftUI_MVVM_Combine */,
			);
		};
/* End PBXProject section */

/* Begin PBXResourcesBuildPhase section */
		B5BAA37827FDC0B90067A640 /* Resources */ = {
			isa = PBXResourcesBuildPhase;
			buildActionMask = 2147483647;
			files = (
				B5BAA38527FDC0BB0067A640 /* Preview Assets.xcassets in Resources */,
				B5BAA38227FDC0BB0067A640 /* Assets.xcassets in Resources */,
			);
			runOnlyForDeploymentPostprocessing = 0;
		};
/* End PBXResourcesBuildPhase section */

/* Begin PBXSourcesBuildPhase section */
		B5BAA37627FDC0B90067A640 /* Sources */ = {
			isa = PBXSourcesBuildPhase;
			buildActionMask = 2147483647;
			files = (
				B5CD389727FF709200980E2D /* BreweriesViewModel.swift in Sources */,
				B5CD389B27FF70DF00980E2D /* BreweriesView.swift in Sources */,
				B5BAA38027FDC0B90067A640 /* ContentView.swift in Sources */,
				B5BAA37E27FDC0B90067A640 /* SwiftUI_MVVM_CombineApp.swift in Sources */,
				B5CD389D27FF711000980E2D /* Brewery.swift in Sources */,
				B5CD389927FF70B600980E2D /* BreweryView.swift in Sources */,
			);
			runOnlyForDeploymentPostprocessing = 0;
		};
/* End PBXSourcesBuildPhase section */

/* Begin XCBuildConfiguration section */
		B5BAA38627FDC0BB0067A640 /* Debug */ = {
			isa = XCBuildConfiguration;
			buildSettings = {
				ALWAYS_SEARCH_USER_PATHS = NO;
				CLANG_ANALYZER_NONNULL = YES;
				CLANG_ANALYZER_NUMBER_OBJECT_CONVERSION = YES_AGGRESSIVE;
				CLANG_CXX_LANGUAGE_STANDARD = "gnu++17";
				CLANG_ENABLE_MODULES = YES;
				CLANG_ENABLE_OBJC_ARC = YES;
				CLANG_ENABLE_OBJC_WEAK = YES;
				CLANG_WARN_BLOCK_CAPTURE_AUTORELEASING = YES;
				CLANG_WARN_BOOL_CONVERSION = YES;
				CLANG_WARN_COMMA = YES;
				CLANG_WARN_CONSTANT_CONVERSION = YES;
				CLANG_WARN_DEPRECATED_OBJC_IMPLEMENTATIONS = YES;
				CLANG_WARN_DIRECT_OBJC_ISA_USAGE = YES_ERROR;
				CLANG_WARN_DOCUMENTATION_COMMENTS = YES;
				CLANG_WARN_EMPTY_BODY = YES;
				CLANG_WARN_ENUM_CONVERSION = YES;
				CLANG_WARN_INFINITE_RECURSION = YES;
				CLANG_WARN_INT_CONVERSION = YES;
				CLANG_WARN_NON_LITERAL_NULL_CONVERSION = YES;
				CLANG_WARN_OBJC_IMPLICIT_RETAIN_SELF = YES;
				CLANG_WARN_OBJC_LITERAL_CONVERSION = YES;
				CLANG_WARN_OBJC_ROOT_CLASS = YES_ERROR;
				CLANG_WARN_QUOTED_INCLUDE_IN_FRAMEWORK_HEADER = YES;
				CLANG_WARN_RANGE_LOOP_ANALYSIS = YES;
				CLANG_WARN_STRICT_PROTOTYPES = YES;
				CLANG_WARN_SUSPICIOUS_MOVE = YES;
				CLANG_WARN_UNGUARDED_AVAILABILITY = YES_AGGRESSIVE;
				CLANG_WARN_UNREACHABLE_CODE = YES;
				CLANG_WARN__DUPLICATE_METHOD_MATCH = YES;
				COPY_PHASE_STRIP = NO;
				DEBUG_INFORMATION_FORMAT = dwarf;
				ENABLE_STRICT_OBJC_MSGSEND = YES;
				ENABLE_TESTABILITY = YES;
				GCC_C_LANGUAGE_STANDARD = gnu11;
				GCC_DYNAMIC_NO_PIC = NO;
				GCC_NO_COMMON_BLOCKS = YES;
				GCC_OPTIMIZATION_LEVEL = 0;
				GCC_PREPROCESSOR_DEFINITIONS = (
					"DEBUG=1",
					"$(inherited)",
				);
				GCC_WARN_64_TO_32_BIT_CONVERSION = YES;
				GCC_WARN_ABOUT_RETURN_TYPE = YES_ERROR;
				GCC_WARN_UNDECLARED_SELECTOR = YES;
				GCC_WARN_UNINITIALIZED_AUTOS = YES_AGGRESSIVE;
				GCC_WARN_UNUSED_FUNCTION = YES;
				GCC_WARN_UNUSED_VARIABLE = YES;
				IPHONEOS_DEPLOYMENT_TARGET = 15.4;
				MTL_ENABLE_DEBUG_INFO = INCLUDE_SOURCE;
				MTL_FAST_MATH = YES;
				ONLY_ACTIVE_ARCH = YES;
				SDKROOT = iphoneos;
				SWIFT_ACTIVE_COMPILATION_CONDITIONS = DEBUG;
				SWIFT_OPTIMIZATION_LEVEL = "-Onone";
			};
			name = Debug;
		};
		B5BAA38727FDC0BB0067A640 /* Release */ = {
			isa = XCBuildConfiguration;
			buildSettings = {
				ALWAYS_SEARCH_USER_PATHS = NO;
				CLANG_ANALYZER_NONNULL = YES;
				CLANG_ANALYZER_NUMBER_OBJECT_CONVERSION = YES_AGGRESSIVE;
				CLANG_CXX_LANGUAGE_STANDARD = "gnu++17";
				CLANG_ENABLE_MODULES = YES;
				CLANG_ENABLE_OBJC_ARC = YES;
				CLANG_ENABLE_OBJC_WEAK = YES;
				CLANG_WARN_BLOCK_CAPTURE_AUTORELEASING = YES;
				CLANG_WARN_BOOL_CONVERSION = YES;
				CLANG_WARN_COMMA = YES;
				CLANG_WARN_CONSTANT_CONVERSION = YES;
				CLANG_WARN_DEPRECATED_OBJC_IMPLEMENTATIONS = YES;
				CLANG_WARN_DIRECT_OBJC_ISA_USAGE = YES_ERROR;
				CLANG_WARN_DOCUMENTATION_COMMENTS = YES;
				CLANG_WARN_EMPTY_BODY = YES;
				CLANG_WARN_ENUM_CONVERSION = YES;
				CLANG_WARN_INFINITE_RECURSION = YES;
				CLANG_WARN_INT_CONVERSION = YES;
				CLANG_WARN_NON_LITERAL_NULL_CONVERSION = YES;
				CLANG_WARN_OBJC_IMPLICIT_RETAIN_SELF = YES;
				CLANG_WARN_OBJC_LITERAL_CONVERSION = YES;
				CLANG_WARN_OBJC_ROOT_CLASS = YES_ERROR;
				CLANG_WARN_QUOTED_INCLUDE_IN_FRAMEWORK_HEADER = YES;
				CLANG_WARN_RANGE_LOOP_ANALYSIS = YES;
				CLANG_WARN_STRICT_PROTOTYPES = YES;
				CLANG_WARN_SUSPICIOUS_MOVE = YES;
				CLANG_WARN_UNGUARDED_AVAILABILITY = YES_AGGRESSIVE;
				CLANG_WARN_UNREACHABLE_CODE = YES;
				CLANG_WARN__DUPLICATE_METHOD_MATCH = YES;
				COPY_PHASE_STRIP = NO;
				DEBUG_INFORMATION_FORMAT = "dwarf-with-dsym";
				ENABLE_NS_ASSERTIONS = NO;
				ENABLE_STRICT_OBJC_MSGSEND = YES;
				GCC_C_LANGUAGE_STANDARD = gnu11;
				GCC_NO_COMMON_BLOCKS = YES;
				GCC_WARN_64_TO_32_BIT_CONVERSION = YES;
				GCC_WARN_ABOUT_RETURN_TYPE = YES_ERROR;
				GCC_WARN_UNDECLARED_SELECTOR = YES;
				GCC_WARN_UNINITIALIZED_AUTOS = YES_AGGRESSIVE;
				GCC_WARN_UNUSED_FUNCTION = YES;
				GCC_WARN_UNUSED_VARIABLE = YES;
				IPHONEOS_DEPLOYMENT_TARGET = 15.4;
				MTL_ENABLE_DEBUG_INFO = NO;
				MTL_FAST_MATH = YES;
				SDKROOT = iphoneos;
				SWIFT_COMPILATION_MODE = wholemodule;
				SWIFT_OPTIMIZATION_LEVEL = "-O";
				VALIDATE_PRODUCT = YES;
			};
			name = Release;
		};
		B5BAA38927FDC0BB0067A640 /* Debug */ = {
			isa = XCBuildConfiguration;
			buildSettings = {
				ASSETCATALOG_COMPILER_APPICON_NAME = AppIcon;
				ASSETCATALOG_COMPILER_GLOBAL_ACCENT_COLOR_NAME = AccentColor;
				CODE_SIGN_STYLE = Automatic;
				CURRENT_PROJECT_VERSION = 1;
				DEVELOPMENT_ASSET_PATHS = "\"SwiftUI_MVVM_Combine/Preview Content\"";
				ENABLE_PREVIEWS = YES;
				GENERATE_INFOPLIST_FILE = YES;
				INFOPLIST_KEY_UIApplicationSceneManifest_Generation = YES;
				INFOPLIST_KEY_UIApplicationSupportsIndirectInputEvents = YES;
				INFOPLIST_KEY_UILaunchScreen_Generation = YES;
				INFOPLIST_KEY_UISupportedInterfaceOrientations_iPad = "UIInterfaceOrientationPortrait UIInterfaceOrientationPortraitUpsideDown UIInterfaceOrientationLandscapeLeft UIInterfaceOrientationLandscapeRight";
				INFOPLIST_KEY_UISupportedInterfaceOrientations_iPhone = "UIInterfaceOrientationPortrait UIInterfaceOrientationLandscapeLeft UIInterfaceOrientationLandscapeRight";
				LD_RUNPATH_SEARCH_PATHS = (
					"$(inherited)",
					"@executable_path/Frameworks",
				);
				MARKETING_VERSION = 1.0;
				PRODUCT_BUNDLE_IDENTIFIER = "com.swiftuimvvmcombine.SwiftUI-MVVM-Combine";
				PRODUCT_NAME = "$(TARGET_NAME)";
				SWIFT_EMIT_LOC_STRINGS = YES;
				SWIFT_VERSION = 5.0;
				TARGETED_DEVICE_FAMILY = "1,2";
			};
			name = Debug;
		};
		B5BAA38A27FDC0BB0067A640 /* Release */ = {
			isa = XCBuildConfiguration;
			buildSettings = {
				ASSETCATALOG_COMPILER_APPICON_NAME = AppIcon;
				ASSETCATALOG_COMPILER_GLOBAL_ACCENT_COLOR_NAME = AccentColor;
				CODE_SIGN_STYLE = Automatic;
				CURRENT_PROJECT_VERSION = 1;
				DEVELOPMENT_ASSET_PATHS = "\"SwiftUI_MVVM_Combine/Preview Content\"";
				ENABLE_PREVIEWS = YES;
				GENERATE_INFOPLIST_FILE = YES;
				INFOPLIST_KEY_UIApplicationSceneManifest_Generation = YES;
				INFOPLIST_KEY_UIApplicationSupportsIndirectInputEvents = YES;
				INFOPLIST_KEY_UILaunchScreen_Generation = YES;
				INFOPLIST_KEY_UISupportedInterfaceOrientations_iPad = "UIInterfaceOrientationPortrait UIInterfaceOrientationPortraitUpsideDown UIInterfaceOrientationLandscapeLeft UIInterfaceOrientationLandscapeRight";
				INFOPLIST_KEY_UISupportedInterfaceOrientations_iPhone = "UIInterfaceOrientationPortrait UIInterfaceOrientationLandscapeLeft UIInterfaceOrientationLandscapeRight";
				LD_RUNPATH_SEARCH_PATHS = (
					"$(inherited)",
					"@executable_path/Frameworks",
				);
				MARKETING_VERSION = 1.0;
				PRODUCT_BUNDLE_IDENTIFIER = "com.swiftuimvvmcombine.SwiftUI-MVVM-Combine";
				PRODUCT_NAME = "$(TARGET_NAME)";
				SWIFT_EMIT_LOC_STRINGS = YES;
				SWIFT_VERSION = 5.0;
				TARGETED_DEVICE_FAMILY = "1,2";
			};
			name = Release;
		};
/* End XCBuildConfiguration section */

/* Begin XCConfigurationList section */
		B5BAA37527FDC0B90067A640 /* Build configuration list for PBXProject "SwiftUI_MVVM_Combine" */ = {
			isa = XCConfigurationList;
			buildConfigurations = (
				B5BAA38627FDC0BB0067A640 /* Debug */,
				B5BAA38727FDC0BB0067A640 /* Release */,
			);
			defaultConfigurationIsVisible = 0;
			defaultConfigurationName = Release;
		};
		B5BAA38827FDC0BB0067A640 /* Build configuration list for PBXNativeTarget "SwiftUI_MVVM_Combine" */ = {
			isa = XCConfigurationList;
			buildConfigurations = (
				B5BAA38927FDC0BB0067A640 /* Debug */,
				B5BAA38A27FDC0BB0067A640 /* Release */,
			);
			defaultConfigurationIsVisible = 0;
			defaultConfigurationName = Release;
		};
/* End XCConfigurationList section */
	};
	rootObject = B5BAA37227FDC0B90067A640 /* Project object */;
}
